
Microsoft Visual Studio Solution File, Format Version 12.00
# Visual Studio Version 17
VisualStudioVersion = 17.9.34622.214
MinimumVisualStudioVersion = 10.0.40219.1
Project("{9A19103F-16F7-4668-BE54-9A1E7A4F7556}") = "TransactionSystem.PL", "TransactionSystem.PL.csproj", "{0508FB58-989D-45B4-B37B-EDF6A3E5D467}"
EndProject
Project("{9A19103F-16F7-4668-BE54-9A1E7A4F7556}") = "TransactionSystem.BAL", "..\TransactionSystem.BAL\TransactionSystem.BAL.csproj", "{18BF6B93-709C-4F17-9F16-CEFAD18B30DA}"
EndProject
Project("{9A19103F-16F7-4668-BE54-9A1E7A4F7556}") = "TransactionSystem.DAL", "..\TransactionSystem.DAL\TransactionSystem.DAL.csproj", "{1980019F-2F27-4A1D-9F78-3E4EB35D673D}"
EndProject
Project("{9A19103F-16F7-4668-BE54-9A1E7A4F7556}") = "TransactionSystem.Tests", "..\TransactionSystem.Tests\TransactionSystem.Tests.csproj", "{42F3D91D-00DC-46FE-80FC-6475393C35F6}"
EndProject
Project("{9A19103F-16F7-4668-BE54-9A1E7A4F7556}") = "TransactionSystem.Core", "..\TransactionSystem.Core\TransactionSystem.Core.csproj", "{2EBD2A88-82A0-4DC8-BE8C-A3F6853D0858}"
EndProject
Global
	GlobalSection(SolutionConfigurationPlatforms) = preSolution
		Debug|Any CPU = Debug|Any CPU
		Release|Any CPU = Release|Any CPU
	EndGlobalSection
	GlobalSection(ProjectConfigurationPlatforms) = postSolution
		{0508FB58-989D-45B4-B37B-EDF6A3E5D467}.Debug|Any CPU.ActiveCfg = Debug|Any CPU
		{0508FB58-989D-45B4-B37B-EDF6A3E5D467}.Debug|Any CPU.Build.0 = Debug|Any CPU
		{0508FB58-989D-45B4-B37B-EDF6A3E5D467}.Release|Any CPU.ActiveCfg = Release|Any CPU
		{0508FB58-989D-45B4-B37B-EDF6A3E5D467}.Release|Any CPU.Build.0 = Release|Any CPU
		{18BF6B93-709C-4F17-9F16-CEFAD18B30DA}.Debug|Any CPU.ActiveCfg = Debug|Any CPU
		{18BF6B93-709C-4F17-9F16-CEFAD18B30DA}.Debug|Any CPU.Build.0 = Debug|Any CPU
		{18BF6B93-709C-4F17-9F16-CEFAD18B30DA}.Release|Any CPU.ActiveCfg = Release|Any CPU
		{18BF6B93-709C-4F17-9F16-CEFAD18B30DA}.Release|Any CPU.Build.0 = Release|Any CPU
		{1980019F-2F27-4A1D-9F78-3E4EB35D673D}.Debug|Any CPU.ActiveCfg = Debug|Any CPU
		{1980019F-2F27-4A1D-9F78-3E4EB35D673D}.Debug|Any CPU.Build.0 = Debug|Any CPU
		{1980019F-2F27-4A1D-9F78-3E4EB35D673D}.Release|Any CPU.ActiveCfg = Release|Any CPU
		{1980019F-2F27-4A1D-9F78-3E4EB35D673D}.Release|Any CPU.Build.0 = Release|Any CPU
		{42F3D91D-00DC-46FE-80FC-6475393C35F6}.Debug|Any CPU.ActiveCfg = Debug|Any CPU
		{42F3D91D-00DC-46FE-80FC-6475393C35F6}.Debug|Any CPU.Build.0 = Debug|Any CPU
		{42F3D91D-00DC-46FE-80FC-6475393C35F6}.Release|Any CPU.ActiveCfg = Release|Any CPU
		{42F3D91D-00DC-46FE-80FC-6475393C35F6}.Release|Any CPU.Build.0 = Release|Any CPU
		{2EBD2A88-82A0-4DC8-BE8C-A3F6853D0858}.Debug|Any CPU.ActiveCfg = Debug|Any CPU
		{2EBD2A88-82A0-4DC8-BE8C-A3F6853D0858}.Debug|Any CPU.Build.0 = Debug|Any CPU
		{2EBD2A88-82A0-4DC8-BE8C-A3F6853D0858}.Release|Any CPU.ActiveCfg = Release|Any CPU
		{2EBD2A88-82A0-4DC8-BE8C-A3F6853D0858}.Release|Any CPU.Build.0 = Release|Any CPU
	EndGlobalSection
	GlobalSection(SolutionProperties) = preSolution
		HideSolutionNode = FALSE
	EndGlobalSection
	GlobalSection(ExtensibilityGlobals) = postSolution
		SolutionGuid = {2C540F7A-259C-4911-A400-CAD94EEDE829}
	EndGlobalSection
EndGlobal
